
Microsoft Visual Studio Solution File, Format Version 12.00
# Visual Studio Version 16
VisualStudioVersion = 16.0.29102.190
MinimumVisualStudioVersion = 10.0.40219.1
Project("{FAE04EC0-301F-11D3-BF4B-00C04F79EFBC}") = "Lab10-CircleTime", "Lab10-CircleTime\Lab10-CircleTime.csproj", "{E78B2CEE-354A-490D-9DDC-0C82F28FF53D}"
EndProject
Global
	GlobalSection(SolutionConfigurationPlatforms) = preSolution
		Debug|Any CPU = Debug|Any CPU
		Release|Any CPU = Release|Any CPU
	EndGlobalSection
	GlobalSection(ProjectConfigurationPlatforms) = postSolution
		{E78B2CEE-354A-490D-9DDC-0C82F28FF53D}.Debug|Any CPU.ActiveCfg = Debug|Any CPU
		{E78B2CEE-354A-490D-9DDC-0C82F28FF53D}.Debug|Any CPU.Build.0 = Debug|Any CPU
		{E78B2CEE-354A-490D-9DDC-0C82F28FF53D}.Release|Any CPU.ActiveCfg = Release|Any CPU
		{E78B2CEE-354A-490D-9DDC-0C82F28FF53D}.Release|Any CPU.Build.0 = Release|Any CPU
	EndGlobalSection
	GlobalSection(SolutionProperties) = preSolution
		HideSolutionNode = FALSE
	EndGlobalSection
	GlobalSection(ExtensibilityGlobals) = postSolution
		SolutionGuid = {2BA8CA86-1E31-4BE8-91E0-A311E0035322}
	EndGlobalSection
EndGlobal
